
Microsoft Visual Studio Solution File, Format Version 12.00
# Visual Studio Version 17
VisualStudioVersion = 17.11.35431.28
MinimumVisualStudioVersion = 10.0.40219.1
Project("{FAE04EC0-301F-11D3-BF4B-00C04F79EFBC}") = "RecipeApp", "RecipeApp\RecipeApp.csproj", "{7D1A1B05-BDC1-4273-941B-2CF06BCBAAE1}"
EndProject
Global
	GlobalSection(SolutionConfigurationPlatforms) = preSolution
		Debug|Any CPU = Debug|Any CPU
		Release|Any CPU = Release|Any CPU
	EndGlobalSection
	GlobalSection(ProjectConfigurationPlatforms) = postSolution
		{7D1A1B05-BDC1-4273-941B-2CF06BCBAAE1}.Debug|Any CPU.ActiveCfg = Debug|Any CPU
		{7D1A1B05-BDC1-4273-941B-2CF06BCBAAE1}.Debug|Any CPU.Build.0 = Debug|Any CPU
		{7D1A1B05-BDC1-4273-941B-2CF06BCBAAE1}.Release|Any CPU.ActiveCfg = Release|Any CPU
		{7D1A1B05-BDC1-4273-941B-2CF06BCBAAE1}.Release|Any CPU.Build.0 = Release|Any CPU
	EndGlobalSection
	GlobalSection(SolutionProperties) = preSolution
		HideSolutionNode = FALSE
	EndGlobalSection
	GlobalSection(ExtensibilityGlobals) = postSolution
		SolutionGuid = {9AF5E04C-0532-4E70-9C2E-881B6F0EFBE3}
	EndGlobalSection
EndGlobal
